// !$*UTF8*$!
{
	archiveVersion = 1;
	classes = {
	};
	objectVersion = 56;
	objects = {

/* Begin PBXBuildFile section */
		1150DF042AEF87890051FA36 /* BhagavadGeetaApp.swift in Sources */ = {isa = PBXBuildFile; fileRef = 1150DF032AEF87890051FA36 /* BhagavadGeetaApp.swift */; };
		1150DF062AEF87890051FA36 /* ContentView.swift in Sources */ = {isa = PBXBuildFile; fileRef = 1150DF052AEF87890051FA36 /* ContentView.swift */; };
		1150DF082AEF878A0051FA36 /* Assets.xcassets in Resources */ = {isa = PBXBuildFile; fileRef = 1150DF072AEF878A0051FA36 /* Assets.xcassets */; };
		1150DF0B2AEF878A0051FA36 /* Preview Assets.xcassets in Resources */ = {isa = PBXBuildFile; fileRef = 1150DF0A2AEF878A0051FA36 /* Preview Assets.xcassets */; };
		11C597A42AF1470400505E18 /* Slok.swift in Sources */ = {isa = PBXBuildFile; fileRef = 11C597A32AF1470400505E18 /* Slok.swift */; };
		11C597A62AF1484200505E18 /* UserDefaultHelper.swift in Sources */ = {isa = PBXBuildFile; fileRef = 11C597A52AF1484200505E18 /* UserDefaultHelper.swift */; };
		11C597AA2AF159DD00505E18 /* ChapterDetail.swift in Sources */ = {isa = PBXBuildFile; fileRef = 11C597A92AF159DD00505E18 /* ChapterDetail.swift */; };
		11C597AC2AF15C0600505E18 /* ChapterDetailViewModel.swift in Sources */ = {isa = PBXBuildFile; fileRef = 11C597AB2AF15C0600505E18 /* ChapterDetailViewModel.swift */; };
		11C8EDA32AF0D5C700008A63 /* Chapter.swift in Sources */ = {isa = PBXBuildFile; fileRef = 11C8EDA22AF0D5C700008A63 /* Chapter.swift */; };
		11C8EDA52AF0DED000008A63 /* ChaptersViewModel.swift in Sources */ = {isa = PBXBuildFile; fileRef = 11C8EDA42AF0DED000008A63 /* ChaptersViewModel.swift */; };
		11CB10602AEFFBAE00DC6A51 /* AppConstants.swift in Sources */ = {isa = PBXBuildFile; fileRef = 11CB105F2AEFFBAE00DC6A51 /* AppConstants.swift */; };
		11CB10632AEFFBC400DC6A51 /* KeychainHelper.swift in Sources */ = {isa = PBXBuildFile; fileRef = 11CB10622AEFFBC400DC6A51 /* KeychainHelper.swift */; };
		11CB106B2AEFFBD500DC6A51 /* APIManager+ErrorHandler.swift in Sources */ = {isa = PBXBuildFile; fileRef = 11CB10652AEFFBD500DC6A51 /* APIManager+ErrorHandler.swift */; };
		11CB106C2AEFFBD500DC6A51 /* APIManager+EndPoints.swift in Sources */ = {isa = PBXBuildFile; fileRef = 11CB10662AEFFBD500DC6A51 /* APIManager+EndPoints.swift */; };
		11CB106D2AEFFBD500DC6A51 /* APIManager.swift in Sources */ = {isa = PBXBuildFile; fileRef = 11CB10672AEFFBD500DC6A51 /* APIManager.swift */; };
		11CB106E2AEFFBD500DC6A51 /* APIManager+Request.swift in Sources */ = {isa = PBXBuildFile; fileRef = 11CB10682AEFFBD500DC6A51 /* APIManager+Request.swift */; };
		11CB106F2AEFFBD500DC6A51 /* APIManager+Inerceptor.swift in Sources */ = {isa = PBXBuildFile; fileRef = 11CB10692AEFFBD500DC6A51 /* APIManager+Inerceptor.swift */; };
		11CB10702AEFFBD500DC6A51 /* APIManager+Error.swift in Sources */ = {isa = PBXBuildFile; fileRef = 11CB106A2AEFFBD500DC6A51 /* APIManager+Error.swift */; };
		5CF38146DD4BBB1BF753976B /* Pods_BhagavadGeeta.framework in Frameworks */ = {isa = PBXBuildFile; fileRef = 1DCC1A5BFE1DDEFC956D6C1B /* Pods_BhagavadGeeta.framework */; };
/* End PBXBuildFile section */

/* Begin PBXFileReference section */
		1150DF002AEF87890051FA36 /* BhagavadGeeta.app */ = {isa = PBXFileReference; explicitFileType = wrapper.application; includeInIndex = 0; path = BhagavadGeeta.app; sourceTree = BUILT_PRODUCTS_DIR; };
		1150DF032AEF87890051FA36 /* BhagavadGeetaApp.swift */ = {isa = PBXFileReference; lastKnownFileType = sourcecode.swift; path = BhagavadGeetaApp.swift; sourceTree = "<group>"; };
		1150DF052AEF87890051FA36 /* ContentView.swift */ = {isa = PBXFileReference; lastKnownFileType = sourcecode.swift; path = ContentView.swift; sourceTree = "<group>"; };
		1150DF072AEF878A0051FA36 /* Assets.xcassets */ = {isa = PBXFileReference; lastKnownFileType = folder.assetcatalog; path = Assets.xcassets; sourceTree = "<group>"; };
		1150DF0A2AEF878A0051FA36 /* Preview Assets.xcassets */ = {isa = PBXFileReference; lastKnownFileType = folder.assetcatalog; path = "Preview Assets.xcassets"; sourceTree = "<group>"; };
		11C597A32AF1470400505E18 /* Slok.swift */ = {isa = PBXFileReference; lastKnownFileType = sourcecode.swift; path = Slok.swift; sourceTree = "<group>"; };
		11C597A52AF1484200505E18 /* UserDefaultHelper.swift */ = {isa = PBXFileReference; lastKnownFileType = sourcecode.swift; path = UserDefaultHelper.swift; sourceTree = "<group>"; };
		11C597A92AF159DD00505E18 /* ChapterDetail.swift */ = {isa = PBXFileReference; lastKnownFileType = sourcecode.swift; path = ChapterDetail.swift; sourceTree = "<group>"; };
		11C597AB2AF15C0600505E18 /* ChapterDetailViewModel.swift */ = {isa = PBXFileReference; lastKnownFileType = sourcecode.swift; path = ChapterDetailViewModel.swift; sourceTree = "<group>"; };
		11C8EDA22AF0D5C700008A63 /* Chapter.swift */ = {isa = PBXFileReference; lastKnownFileType = sourcecode.swift; path = Chapter.swift; sourceTree = "<group>"; };
		11C8EDA42AF0DED000008A63 /* ChaptersViewModel.swift */ = {isa = PBXFileReference; lastKnownFileType = sourcecode.swift; path = ChaptersViewModel.swift; sourceTree = "<group>"; };
		11C8EDA62AF0E48000008A63 /* Info.plist */ = {isa = PBXFileReference; lastKnownFileType = text.plist; path = Info.plist; sourceTree = "<group>"; };
		11CB105F2AEFFBAE00DC6A51 /* AppConstants.swift */ = {isa = PBXFileReference; fileEncoding = 4; lastKnownFileType = sourcecode.swift; path = AppConstants.swift; sourceTree = "<group>"; };
		11CB10622AEFFBC400DC6A51 /* KeychainHelper.swift */ = {isa = PBXFileReference; fileEncoding = 4; lastKnownFileType = sourcecode.swift; path = KeychainHelper.swift; sourceTree = "<group>"; };
		11CB10652AEFFBD500DC6A51 /* APIManager+ErrorHandler.swift */ = {isa = PBXFileReference; fileEncoding = 4; lastKnownFileType = sourcecode.swift; path = "APIManager+ErrorHandler.swift"; sourceTree = "<group>"; };
		11CB10662AEFFBD500DC6A51 /* APIManager+EndPoints.swift */ = {isa = PBXFileReference; fileEncoding = 4; lastKnownFileType = sourcecode.swift; path = "APIManager+EndPoints.swift"; sourceTree = "<group>"; };
		11CB10672AEFFBD500DC6A51 /* APIManager.swift */ = {isa = PBXFileReference; fileEncoding = 4; lastKnownFileType = sourcecode.swift; path = APIManager.swift; sourceTree = "<group>"; };
		11CB10682AEFFBD500DC6A51 /* APIManager+Request.swift */ = {isa = PBXFileReference; fileEncoding = 4; lastKnownFileType = sourcecode.swift; path = "APIManager+Request.swift"; sourceTree = "<group>"; };
		11CB10692AEFFBD500DC6A51 /* APIManager+Inerceptor.swift */ = {isa = PBXFileReference; fileEncoding = 4; lastKnownFileType = sourcecode.swift; path = "APIManager+Inerceptor.swift"; sourceTree = "<group>"; };
		11CB106A2AEFFBD500DC6A51 /* APIManager+Error.swift */ = {isa = PBXFileReference; fileEncoding = 4; lastKnownFileType = sourcecode.swift; path = "APIManager+Error.swift"; sourceTree = "<group>"; };
		1DCC1A5BFE1DDEFC956D6C1B /* Pods_BhagavadGeeta.framework */ = {isa = PBXFileReference; explicitFileType = wrapper.framework; includeInIndex = 0; path = Pods_BhagavadGeeta.framework; sourceTree = BUILT_PRODUCTS_DIR; };
		30D81C0FBC96163A60B62120 /* Pods-BhagavadGeeta.debug.xcconfig */ = {isa = PBXFileReference; includeInIndex = 1; lastKnownFileType = text.xcconfig; name = "Pods-BhagavadGeeta.debug.xcconfig"; path = "Target Support Files/Pods-BhagavadGeeta/Pods-BhagavadGeeta.debug.xcconfig"; sourceTree = "<group>"; };
		FEA69C63D507029AD1137910 /* Pods-BhagavadGeeta.release.xcconfig */ = {isa = PBXFileReference; includeInIndex = 1; lastKnownFileType = text.xcconfig; name = "Pods-BhagavadGeeta.release.xcconfig"; path = "Target Support Files/Pods-BhagavadGeeta/Pods-BhagavadGeeta.release.xcconfig"; sourceTree = "<group>"; };
/* End PBXFileReference section */

/* Begin PBXFrameworksBuildPhase section */
		1150DEFD2AEF87890051FA36 /* Frameworks */ = {
			isa = PBXFrameworksBuildPhase;
			buildActionMask = 2147483647;
			files = (
				5CF38146DD4BBB1BF753976B /* Pods_BhagavadGeeta.framework in Frameworks */,
			);
			runOnlyForDeploymentPostprocessing = 0;
		};
/* End PBXFrameworksBuildPhase section */

/* Begin PBXGroup section */
		1150DEF72AEF87890051FA36 = {
			isa = PBXGroup;
			children = (
				1150DF022AEF87890051FA36 /* BhagavadGeeta */,
				1150DF012AEF87890051FA36 /* Products */,
				A4B033A9649D4379EB499459 /* Pods */,
				B86E55C7842C7D450763BF9D /* Frameworks */,
			);
			sourceTree = "<group>";
		};
		1150DF012AEF87890051FA36 /* Products */ = {
			isa = PBXGroup;
			children = (
				1150DF002AEF87890051FA36 /* BhagavadGeeta.app */,
			);
			name = Products;
			sourceTree = "<group>";
		};
		1150DF022AEF87890051FA36 /* BhagavadGeeta */ = {
			isa = PBXGroup;
			children = (
				11C597A72AF1596400505E18 /* Model */,
				11C8EDA62AF0E48000008A63 /* Info.plist */,
				11CB10712AEFFBEA00DC6A51 /* Module */,
				11CB10642AEFFBD500DC6A51 /* Network Layer */,
				11CB10612AEFFBC400DC6A51 /* Helpers */,
				11CB105E2AEFFBAE00DC6A51 /* Utils */,
				1150DF032AEF87890051FA36 /* BhagavadGeetaApp.swift */,
				1150DF072AEF878A0051FA36 /* Assets.xcassets */,
				1150DF092AEF878A0051FA36 /* Preview Content */,
			);
			path = BhagavadGeeta;
			sourceTree = "<group>";
		};
		1150DF092AEF878A0051FA36 /* Preview Content */ = {
			isa = PBXGroup;
			children = (
				1150DF0A2AEF878A0051FA36 /* Preview Assets.xcassets */,
			);
			path = "Preview Content";
			sourceTree = "<group>";
		};
		11C597A72AF1596400505E18 /* Model */ = {
			isa = PBXGroup;
			children = (
				11C8EDA22AF0D5C700008A63 /* Chapter.swift */,
				11C597A32AF1470400505E18 /* Slok.swift */,
			);
			path = Model;
			sourceTree = "<group>";
		};
		11C597A82AF159C900505E18 /* Chapter */ = {
			isa = PBXGroup;
			children = (
				11C597A92AF159DD00505E18 /* ChapterDetail.swift */,
				11C597AB2AF15C0600505E18 /* ChapterDetailViewModel.swift */,
			);
			path = Chapter;
			sourceTree = "<group>";
		};
		11CB105E2AEFFBAE00DC6A51 /* Utils */ = {
			isa = PBXGroup;
			children = (
				11CB105F2AEFFBAE00DC6A51 /* AppConstants.swift */,
			);
			path = Utils;
			sourceTree = "<group>";
		};
		11CB10612AEFFBC400DC6A51 /* Helpers */ = {
			isa = PBXGroup;
			children = (
				11CB10622AEFFBC400DC6A51 /* KeychainHelper.swift */,
				11C597A52AF1484200505E18 /* UserDefaultHelper.swift */,
			);
			path = Helpers;
			sourceTree = "<group>";
		};
		11CB10642AEFFBD500DC6A51 /* Network Layer */ = {
			isa = PBXGroup;
			children = (
				11CB10652AEFFBD500DC6A51 /* APIManager+ErrorHandler.swift */,
				11CB10662AEFFBD500DC6A51 /* APIManager+EndPoints.swift */,
				11CB10672AEFFBD500DC6A51 /* APIManager.swift */,
				11CB10682AEFFBD500DC6A51 /* APIManager+Request.swift */,
				11CB10692AEFFBD500DC6A51 /* APIManager+Inerceptor.swift */,
				11CB106A2AEFFBD500DC6A51 /* APIManager+Error.swift */,
			);
			path = "Network Layer";
			sourceTree = "<group>";
		};
		11CB10712AEFFBEA00DC6A51 /* Module */ = {
			isa = PBXGroup;
			children = (
				11C597A82AF159C900505E18 /* Chapter */,
				11CB10722AEFFCB600DC6A51 /* Home */,
			);
			path = Module;
			sourceTree = "<group>";
		};
		11CB10722AEFFCB600DC6A51 /* Home */ = {
			isa = PBXGroup;
			children = (
				11CB10752AEFFCCC00DC6A51 /* Model */,
				11CB10742AEFFCC700DC6A51 /* ViewModel */,
				11CB10732AEFFCBD00DC6A51 /* View */,
			);
			path = Home;
			sourceTree = "<group>";
		};
		11CB10732AEFFCBD00DC6A51 /* View */ = {
			isa = PBXGroup;
			children = (
				1150DF052AEF87890051FA36 /* ContentView.swift */,
			);
			path = View;
			sourceTree = "<group>";
		};
		11CB10742AEFFCC700DC6A51 /* ViewModel */ = {
			isa = PBXGroup;
			children = (
				11C8EDA42AF0DED000008A63 /* ChaptersViewModel.swift */,
			);
			path = ViewModel;
			sourceTree = "<group>";
		};
		11CB10752AEFFCCC00DC6A51 /* Model */ = {
			isa = PBXGroup;
			children = (
			);
			path = Model;
			sourceTree = "<group>";
		};
		A4B033A9649D4379EB499459 /* Pods */ = {
			isa = PBXGroup;
			children = (
				30D81C0FBC96163A60B62120 /* Pods-BhagavadGeeta.debug.xcconfig */,
				FEA69C63D507029AD1137910 /* Pods-BhagavadGeeta.release.xcconfig */,
			);
			path = Pods;
			sourceTree = "<group>";
		};
		B86E55C7842C7D450763BF9D /* Frameworks */ = {
			isa = PBXGroup;
			children = (
				1DCC1A5BFE1DDEFC956D6C1B /* Pods_BhagavadGeeta.framework */,
			);
			name = Frameworks;
			sourceTree = "<group>";
		};
/* End PBXGroup section */

/* Begin PBXNativeTarget section */
		1150DEFF2AEF87890051FA36 /* BhagavadGeeta */ = {
			isa = PBXNativeTarget;
			buildConfigurationList = 1150DF0E2AEF878A0051FA36 /* Build configuration list for PBXNativeTarget "BhagavadGeeta" */;
			buildPhases = (
				7E1D270786382B4FB387732D /* [CP] Check Pods Manifest.lock */,
				1150DEFC2AEF87890051FA36 /* Sources */,
				1150DEFD2AEF87890051FA36 /* Frameworks */,
				1150DEFE2AEF87890051FA36 /* Resources */,
				4BCBA12050A842A2CDBFCF90 /* [CP] Embed Pods Frameworks */,
			);
			buildRules = (
			);
			dependencies = (
			);
			name = BhagavadGeeta;
			productName = BhagavadGeeta;
			productReference = 1150DF002AEF87890051FA36 /* BhagavadGeeta.app */;
			productType = "com.apple.product-type.application";
		};
/* End PBXNativeTarget section */

/* Begin PBXProject section */
		1150DEF82AEF87890051FA36 /* Project object */ = {
			isa = PBXProject;
			attributes = {
				BuildIndependentTargetsInParallel = 1;
				LastSwiftUpdateCheck = 1500;
				LastUpgradeCheck = 1500;
				TargetAttributes = {
					1150DEFF2AEF87890051FA36 = {
						CreatedOnToolsVersion = 15.0;
					};
				};
			};
			buildConfigurationList = 1150DEFB2AEF87890051FA36 /* Build configuration list for PBXProject "BhagavadGeeta" */;
			compatibilityVersion = "Xcode 14.0";
			developmentRegion = en;
			hasScannedForEncodings = 0;
			knownRegions = (
				en,
				Base,
			);
			mainGroup = 1150DEF72AEF87890051FA36;
			productRefGroup = 1150DF012AEF87890051FA36 /* Products */;
			projectDirPath = "";
			projectRoot = "";
			targets = (
				1150DEFF2AEF87890051FA36 /* BhagavadGeeta */,
			);
		};
/* End PBXProject section */

/* Begin PBXResourcesBuildPhase section */
		1150DEFE2AEF87890051FA36 /* Resources */ = {
			isa = PBXResourcesBuildPhase;
			buildActionMask = 2147483647;
			files = (
				1150DF0B2AEF878A0051FA36 /* Preview Assets.xcassets in Resources */,
				1150DF082AEF878A0051FA36 /* Assets.xcassets in Resources */,
			);
			runOnlyForDeploymentPostprocessing = 0;
		};
/* End PBXResourcesBuildPhase section */

/* Begin PBXShellScriptBuildPhase section */
		4BCBA12050A842A2CDBFCF90 /* [CP] Embed Pods Frameworks */ = {
			isa = PBXShellScriptBuildPhase;
			buildActionMask = 2147483647;
			files = (
			);
			inputFileListPaths = (
				"${PODS_ROOT}/Target Support Files/Pods-BhagavadGeeta/Pods-BhagavadGeeta-frameworks-${CONFIGURATION}-input-files.xcfilelist",
			);
			name = "[CP] Embed Pods Frameworks";
			outputFileListPaths = (
				"${PODS_ROOT}/Target Support Files/Pods-BhagavadGeeta/Pods-BhagavadGeeta-frameworks-${CONFIGURATION}-output-files.xcfilelist",
			);
			runOnlyForDeploymentPostprocessing = 0;
			shellPath = /bin/sh;
			shellScript = "\"${PODS_ROOT}/Target Support Files/Pods-BhagavadGeeta/Pods-BhagavadGeeta-frameworks.sh\"\n";
			showEnvVarsInLog = 0;
		};
		7E1D270786382B4FB387732D /* [CP] Check Pods Manifest.lock */ = {
			isa = PBXShellScriptBuildPhase;
			buildActionMask = 2147483647;
			files = (
			);
			inputFileListPaths = (
			);
			inputPaths = (
				"${PODS_PODFILE_DIR_PATH}/Podfile.lock",
				"${PODS_ROOT}/Manifest.lock",
			);
			name = "[CP] Check Pods Manifest.lock";
			outputFileListPaths = (
			);
			outputPaths = (
				"$(DERIVED_FILE_DIR)/Pods-BhagavadGeeta-checkManifestLockResult.txt",
			);
			runOnlyForDeploymentPostprocessing = 0;
			shellPath = /bin/sh;
			shellScript = "diff \"${PODS_PODFILE_DIR_PATH}/Podfile.lock\" \"${PODS_ROOT}/Manifest.lock\" > /dev/null\nif [ $? != 0 ] ; then\n    # print error to STDERR\n    echo \"error: The sandbox is not in sync with the Podfile.lock. Run 'pod install' or update your CocoaPods installation.\" >&2\n    exit 1\nfi\n# This output is used by Xcode 'outputs' to avoid re-running this script phase.\necho \"SUCCESS\" > \"${SCRIPT_OUTPUT_FILE_0}\"\n";
			showEnvVarsInLog = 0;
		};
/* End PBXShellScriptBuildPhase section */

/* Begin PBXSourcesBuildPhase section */
		1150DEFC2AEF87890051FA36 /* Sources */ = {
			isa = PBXSourcesBuildPhase;
			buildActionMask = 2147483647;
			files = (
				11C8EDA52AF0DED000008A63 /* ChaptersViewModel.swift in Sources */,
				1150DF062AEF87890051FA36 /* ContentView.swift in Sources */,
				11C597A62AF1484200505E18 /* UserDefaultHelper.swift in Sources */,
				11C597A42AF1470400505E18 /* Slok.swift in Sources */,
				11CB106C2AEFFBD500DC6A51 /* APIManager+EndPoints.swift in Sources */,
				11CB10602AEFFBAE00DC6A51 /* AppConstants.swift in Sources */,
				1150DF042AEF87890051FA36 /* BhagavadGeetaApp.swift in Sources */,
				11CB106E2AEFFBD500DC6A51 /* APIManager+Request.swift in Sources */,
				11CB106B2AEFFBD500DC6A51 /* APIManager+ErrorHandler.swift in Sources */,
				11C597AA2AF159DD00505E18 /* ChapterDetail.swift in Sources */,
				11CB106F2AEFFBD500DC6A51 /* APIManager+Inerceptor.swift in Sources */,
				11CB10702AEFFBD500DC6A51 /* APIManager+Error.swift in Sources */,
				11CB10632AEFFBC400DC6A51 /* KeychainHelper.swift in Sources */,
				11C597AC2AF15C0600505E18 /* ChapterDetailViewModel.swift in Sources */,
				11CB106D2AEFFBD500DC6A51 /* APIManager.swift in Sources */,
				11C8EDA32AF0D5C700008A63 /* Chapter.swift in Sources */,
			);
			runOnlyForDeploymentPostprocessing = 0;
		};
/* End PBXSourcesBuildPhase section */

/* Begin XCBuildConfiguration section */
		1150DF0C2AEF878A0051FA36 /* Debug */ = {
			isa = XCBuildConfiguration;
			buildSettings = {
				ALWAYS_SEARCH_USER_PATHS = NO;
				ASSETCATALOG_COMPILER_GENERATE_SWIFT_ASSET_SYMBOL_EXTENSIONS = YES;
				CLANG_ANALYZER_NONNULL = YES;
				CLANG_ANALYZER_NUMBER_OBJECT_CONVERSION = YES_AGGRESSIVE;
				CLANG_CXX_LANGUAGE_STANDARD = "gnu++20";
				CLANG_ENABLE_MODULES = YES;
				CLANG_ENABLE_OBJC_ARC = YES;
				CLANG_ENABLE_OBJC_WEAK = YES;
				CLANG_WARN_BLOCK_CAPTURE_AUTORELEASING = YES;
				CLANG_WARN_BOOL_CONVERSION = YES;
				CLANG_WARN_COMMA = YES;
				CLANG_WARN_CONSTANT_CONVERSION = YES;
				CLANG_WARN_DEPRECATED_OBJC_IMPLEMENTATIONS = YES;
				CLANG_WARN_DIRECT_OBJC_ISA_USAGE = YES_ERROR;
				CLANG_WARN_DOCUMENTATION_COMMENTS = YES;
				CLANG_WARN_EMPTY_BODY = YES;
				CLANG_WARN_ENUM_CONVERSION = YES;
				CLANG_WARN_INFINITE_RECURSION = YES;
				CLANG_WARN_INT_CONVERSION = YES;
				CLANG_WARN_NON_LITERAL_NULL_CONVERSION = YES;
				CLANG_WARN_OBJC_IMPLICIT_RETAIN_SELF = YES;
				CLANG_WARN_OBJC_LITERAL_CONVERSION = YES;
				CLANG_WARN_OBJC_ROOT_CLASS = YES_ERROR;
				CLANG_WARN_QUOTED_INCLUDE_IN_FRAMEWORK_HEADER = YES;
				CLANG_WARN_RANGE_LOOP_ANALYSIS = YES;
				CLANG_WARN_STRICT_PROTOTYPES = YES;
				CLANG_WARN_SUSPICIOUS_MOVE = YES;
				CLANG_WARN_UNGUARDED_AVAILABILITY = YES_AGGRESSIVE;
				CLANG_WARN_UNREACHABLE_CODE = YES;
				CLANG_WARN__DUPLICATE_METHOD_MATCH = YES;
				COPY_PHASE_STRIP = NO;
				DEBUG_INFORMATION_FORMAT = dwarf;
				ENABLE_STRICT_OBJC_MSGSEND = YES;
				ENABLE_TESTABILITY = YES;
				ENABLE_USER_SCRIPT_SANDBOXING = NO;
				GCC_C_LANGUAGE_STANDARD = gnu17;
				GCC_DYNAMIC_NO_PIC = NO;
				GCC_NO_COMMON_BLOCKS = YES;
				GCC_OPTIMIZATION_LEVEL = 0;
				GCC_PREPROCESSOR_DEFINITIONS = (
					"DEBUG=1",
					"$(inherited)",
				);
				GCC_WARN_64_TO_32_BIT_CONVERSION = YES;
				GCC_WARN_ABOUT_RETURN_TYPE = YES_ERROR;
				GCC_WARN_UNDECLARED_SELECTOR = YES;
				GCC_WARN_UNINITIALIZED_AUTOS = YES_AGGRESSIVE;
				GCC_WARN_UNUSED_FUNCTION = YES;
				GCC_WARN_UNUSED_VARIABLE = YES;
				IPHONEOS_DEPLOYMENT_TARGET = 17.0;
				LOCALIZATION_PREFERS_STRING_CATALOGS = YES;
				MTL_ENABLE_DEBUG_INFO = INCLUDE_SOURCE;
				MTL_FAST_MATH = YES;
				ONLY_ACTIVE_ARCH = YES;
				SDKROOT = iphoneos;
				SWIFT_ACTIVE_COMPILATION_CONDITIONS = "DEBUG $(inherited)";
				SWIFT_OPTIMIZATION_LEVEL = "-Onone";
			};
			name = Debug;
		};
		1150DF0D2AEF878A0051FA36 /* Release */ = {
			isa = XCBuildConfiguration;
			buildSettings = {
				ALWAYS_SEARCH_USER_PATHS = NO;
				ASSETCATALOG_COMPILER_GENERATE_SWIFT_ASSET_SYMBOL_EXTENSIONS = YES;
				CLANG_ANALYZER_NONNULL = YES;
				CLANG_ANALYZER_NUMBER_OBJECT_CONVERSION = YES_AGGRESSIVE;
				CLANG_CXX_LANGUAGE_STANDARD = "gnu++20";
				CLANG_ENABLE_MODULES = YES;
				CLANG_ENABLE_OBJC_ARC = YES;
				CLANG_ENABLE_OBJC_WEAK = YES;
				CLANG_WARN_BLOCK_CAPTURE_AUTORELEASING = YES;
				CLANG_WARN_BOOL_CONVERSION = YES;
				CLANG_WARN_COMMA = YES;
				CLANG_WARN_CONSTANT_CONVERSION = YES;
				CLANG_WARN_DEPRECATED_OBJC_IMPLEMENTATIONS = YES;
				CLANG_WARN_DIRECT_OBJC_ISA_USAGE = YES_ERROR;
				CLANG_WARN_DOCUMENTATION_COMMENTS = YES;
				CLANG_WARN_EMPTY_BODY = YES;
				CLANG_WARN_ENUM_CONVERSION = YES;
				CLANG_WARN_INFINITE_RECURSION = YES;
				CLANG_WARN_INT_CONVERSION = YES;
				CLANG_WARN_NON_LITERAL_NULL_CONVERSION = YES;
				CLANG_WARN_OBJC_IMPLICIT_RETAIN_SELF = YES;
				CLANG_WARN_OBJC_LITERAL_CONVERSION = YES;
				CLANG_WARN_OBJC_ROOT_CLASS = YES_ERROR;
				CLANG_WARN_QUOTED_INCLUDE_IN_FRAMEWORK_HEADER = YES;
				CLANG_WARN_RANGE_LOOP_ANALYSIS = YES;
				CLANG_WARN_STRICT_PROTOTYPES = YES;
				CLANG_WARN_SUSPICIOUS_MOVE = YES;
				CLANG_WARN_UNGUARDED_AVAILABILITY = YES_AGGRESSIVE;
				CLANG_WARN_UNREACHABLE_CODE = YES;
				CLANG_WARN__DUPLICATE_METHOD_MATCH = YES;
				COPY_PHASE_STRIP = NO;
				DEBUG_INFORMATION_FORMAT = "dwarf-with-dsym";
				ENABLE_NS_ASSERTIONS = NO;
				ENABLE_STRICT_OBJC_MSGSEND = YES;
				ENABLE_USER_SCRIPT_SANDBOXING = NO;
				GCC_C_LANGUAGE_STANDARD = gnu17;
				GCC_NO_COMMON_BLOCKS = YES;
				GCC_WARN_64_TO_32_BIT_CONVERSION = YES;
				GCC_WARN_ABOUT_RETURN_TYPE = YES_ERROR;
				GCC_WARN_UNDECLARED_SELECTOR = YES;
				GCC_WARN_UNINITIALIZED_AUTOS = YES_AGGRESSIVE;
				GCC_WARN_UNUSED_FUNCTION = YES;
				GCC_WARN_UNUSED_VARIABLE = YES;
				IPHONEOS_DEPLOYMENT_TARGET = 17.0;
				LOCALIZATION_PREFERS_STRING_CATALOGS = YES;
				MTL_ENABLE_DEBUG_INFO = NO;
				MTL_FAST_MATH = YES;
				SDKROOT = iphoneos;
				SWIFT_COMPILATION_MODE = wholemodule;
				VALIDATE_PRODUCT = YES;
			};
			name = Release;
		};
		1150DF0F2AEF878A0051FA36 /* Debug */ = {
			isa = XCBuildConfiguration;
			baseConfigurationReference = 30D81C0FBC96163A60B62120 /* Pods-BhagavadGeeta.debug.xcconfig */;
			buildSettings = {
				ASSETCATALOG_COMPILER_APPICON_NAME = AppIcon;
				ASSETCATALOG_COMPILER_GLOBAL_ACCENT_COLOR_NAME = AccentColor;
				CODE_SIGN_STYLE = Automatic;
				CURRENT_PROJECT_VERSION = 1;
				DEVELOPMENT_ASSET_PATHS = "\"BhagavadGeeta/Preview Content\"";
				ENABLE_PREVIEWS = YES;
				GENERATE_INFOPLIST_FILE = YES;
				INFOPLIST_FILE = BhagavadGeeta/Info.plist;
				INFOPLIST_KEY_UIApplicationSceneManifest_Generation = YES;
				INFOPLIST_KEY_UIApplicationSupportsIndirectInputEvents = YES;
				INFOPLIST_KEY_UILaunchScreen_Generation = YES;
				INFOPLIST_KEY_UISupportedInterfaceOrientations_iPad = "UIInterfaceOrientationPortrait UIInterfaceOrientationPortraitUpsideDown UIInterfaceOrientationLandscapeLeft UIInterfaceOrientationLandscapeRight";
				INFOPLIST_KEY_UISupportedInterfaceOrientations_iPhone = "UIInterfaceOrientationPortrait UIInterfaceOrientationLandscapeLeft UIInterfaceOrientationLandscapeRight";
				LD_RUNPATH_SEARCH_PATHS = (
					"$(inherited)",
					"@executable_path/Frameworks",
				);
				MARKETING_VERSION = 1.0;
				PRODUCT_BUNDLE_IDENTIFIER = com.devarsh.BhagavadGeeta;
				PRODUCT_NAME = "$(TARGET_NAME)";
				SWIFT_EMIT_LOC_STRINGS = YES;
				SWIFT_VERSION = 5.0;
				TARGETED_DEVICE_FAMILY = "1,2";
			};
			name = Debug;
		};
		1150DF102AEF878A0051FA36 /* Release */ = {
			isa = XCBuildConfiguration;
			baseConfigurationReference = FEA69C63D507029AD1137910 /* Pods-BhagavadGeeta.release.xcconfig */;
			buildSettings = {
				ASSETCATALOG_COMPILER_APPICON_NAME = AppIcon;
				ASSETCATALOG_COMPILER_GLOBAL_ACCENT_COLOR_NAME = AccentColor;
				CODE_SIGN_STYLE = Automatic;
				CURRENT_PROJECT_VERSION = 1;
				DEVELOPMENT_ASSET_PATHS = "\"BhagavadGeeta/Preview Content\"";
				ENABLE_PREVIEWS = YES;
				GENERATE_INFOPLIST_FILE = YES;
				INFOPLIST_FILE = BhagavadGeeta/Info.plist;
				INFOPLIST_KEY_UIApplicationSceneManifest_Generation = YES;
				INFOPLIST_KEY_UIApplicationSupportsIndirectInputEvents = YES;
				INFOPLIST_KEY_UILaunchScreen_Generation = YES;
				INFOPLIST_KEY_UISupportedInterfaceOrientations_iPad = "UIInterfaceOrientationPortrait UIInterfaceOrientationPortraitUpsideDown UIInterfaceOrientationLandscapeLeft UIInterfaceOrientationLandscapeRight";
				INFOPLIST_KEY_UISupportedInterfaceOrientations_iPhone = "UIInterfaceOrientationPortrait UIInterfaceOrientationLandscapeLeft UIInterfaceOrientationLandscapeRight";
				LD_RUNPATH_SEARCH_PATHS = (
					"$(inherited)",
					"@executable_path/Frameworks",
				);
				MARKETING_VERSION = 1.0;
				PRODUCT_BUNDLE_IDENTIFIER = com.devarsh.BhagavadGeeta;
				PRODUCT_NAME = "$(TARGET_NAME)";
				SWIFT_EMIT_LOC_STRINGS = YES;
				SWIFT_VERSION = 5.0;
				TARGETED_DEVICE_FAMILY = "1,2";
			};
			name = Release;
		};
/* End XCBuildConfiguration section */

/* Begin XCConfigurationList section */
		1150DEFB2AEF87890051FA36 /* Build configuration list for PBXProject "BhagavadGeeta" */ = {
			isa = XCConfigurationList;
			buildConfigurations = (
				1150DF0C2AEF878A0051FA36 /* Debug */,
				1150DF0D2AEF878A0051FA36 /* Release */,
			);
			defaultConfigurationIsVisible = 0;
			defaultConfigurationName = Release;
		};
		1150DF0E2AEF878A0051FA36 /* Build configuration list for PBXNativeTarget "BhagavadGeeta" */ = {
			isa = XCConfigurationList;
			buildConfigurations = (
				1150DF0F2AEF878A0051FA36 /* Debug */,
				1150DF102AEF878A0051FA36 /* Release */,
			);
			defaultConfigurationIsVisible = 0;
			defaultConfigurationName = Release;
		};
/* End XCConfigurationList section */
	};
	rootObject = 1150DEF82AEF87890051FA36 /* Project object */;
}
